// !$*UTF8*$!
{
	archiveVersion = 1;
	classes = {
	};
	objectVersion = 50;
	objects = {

/* Begin PBXBuildFile section */
		CE21342F257A5DDA00A0D37B /* AppDelegate.swift in Sources */ = {isa = PBXBuildFile; fileRef = CE21342E257A5DDA00A0D37B /* AppDelegate.swift */; };
		CE213431257A5DDA00A0D37B /* SceneDelegate.swift in Sources */ = {isa = PBXBuildFile; fileRef = CE213430257A5DDA00A0D37B /* SceneDelegate.swift */; };
		CE213433257A5DDA00A0D37B /* RecordSoundsViewController.swift in Sources */ = {isa = PBXBuildFile; fileRef = CE213432257A5DDA00A0D37B /* RecordSoundsViewController.swift */; };
		CE213436257A5DDA00A0D37B /* Main.storyboard in Resources */ = {isa = PBXBuildFile; fileRef = CE213434257A5DDA00A0D37B /* Main.storyboard */; };
		CE213438257A5DDB00A0D37B /* Assets.xcassets in Resources */ = {isa = PBXBuildFile; fileRef = CE213437257A5DDB00A0D37B /* Assets.xcassets */; };
		CE21343B257A5DDB00A0D37B /* LaunchScreen.storyboard in Resources */ = {isa = PBXBuildFile; fileRef = CE213439257A5DDB00A0D37B /* LaunchScreen.storyboard */; };
		CE213445257A6EC400A0D37B /* PlaySoundsViewController.swift in Sources */ = {isa = PBXBuildFile; fileRef = CE213444257A6EC400A0D37B /* PlaySoundsViewController.swift */; };
		CE213448257AA53200A0D37B /* playsoundsviewcontroller-audio.swift in Sources */ = {isa = PBXBuildFile; fileRef = CE213447257AA53200A0D37B /* playsoundsviewcontroller-audio.swift */; };
/* End PBXBuildFile section */

/* Begin PBXFileReference section */
		CE21342B257A5DDA00A0D37B /* Pitch Changer.app */ = {isa = PBXFileReference; explicitFileType = wrapper.application; includeInIndex = 0; path = "Pitch Changer.app"; sourceTree = BUILT_PRODUCTS_DIR; };
		CE21342E257A5DDA00A0D37B /* AppDelegate.swift */ = {isa = PBXFileReference; lastKnownFileType = sourcecode.swift; path = AppDelegate.swift; sourceTree = "<group>"; };
		CE213430257A5DDA00A0D37B /* SceneDelegate.swift */ = {isa = PBXFileReference; lastKnownFileType = sourcecode.swift; path = SceneDelegate.swift; sourceTree = "<group>"; };
		CE213432257A5DDA00A0D37B /* RecordSoundsViewController.swift */ = {isa = PBXFileReference; lastKnownFileType = sourcecode.swift; path = RecordSoundsViewController.swift; sourceTree = "<group>"; };
		CE213435257A5DDA00A0D37B /* Base */ = {isa = PBXFileReference; lastKnownFileType = file.storyboard; name = Base; path = Base.lproj/Main.storyboard; sourceTree = "<group>"; };
		CE213437257A5DDB00A0D37B /* Assets.xcassets */ = {isa = PBXFileReference; lastKnownFileType = folder.assetcatalog; path = Assets.xcassets; sourceTree = "<group>"; };
		CE21343A257A5DDB00A0D37B /* Base */ = {isa = PBXFileReference; lastKnownFileType = file.storyboard; name = Base; path = Base.lproj/LaunchScreen.storyboard; sourceTree = "<group>"; };
		CE21343C257A5DDB00A0D37B /* Info.plist */ = {isa = PBXFileReference; lastKnownFileType = text.plist.xml; path = Info.plist; sourceTree = "<group>"; };
		CE213444257A6EC400A0D37B /* PlaySoundsViewController.swift */ = {isa = PBXFileReference; lastKnownFileType = sourcecode.swift; path = PlaySoundsViewController.swift; sourceTree = "<group>"; };
		CE213447257AA53200A0D37B /* playsoundsviewcontroller-audio.swift */ = {isa = PBXFileReference; fileEncoding = 4; lastKnownFileType = sourcecode.swift; path = "playsoundsviewcontroller-audio.swift"; sourceTree = "<group>"; };
/* End PBXFileReference section */

/* Begin PBXFrameworksBuildPhase section */
		CE213428257A5DDA00A0D37B /* Frameworks */ = {
			isa = PBXFrameworksBuildPhase;
			buildActionMask = 2147483647;
			files = (
			);
			runOnlyForDeploymentPostprocessing = 0;
		};
/* End PBXFrameworksBuildPhase section */

/* Begin PBXGroup section */
		CE213422257A5DDA00A0D37B = {
			isa = PBXGroup;
			children = (
				CE21342D257A5DDA00A0D37B /* Pitch Changer */,
				CE21342C257A5DDA00A0D37B /* Products */,
			);
			sourceTree = "<group>";
		};
		CE21342C257A5DDA00A0D37B /* Products */ = {
			isa = PBXGroup;
			children = (
				CE21342B257A5DDA00A0D37B /* Pitch Changer.app */,
			);
			name = Products;
			sourceTree = "<group>";
		};
		CE21342D257A5DDA00A0D37B /* Pitch Changer */ = {
			isa = PBXGroup;
			children = (
				CE21342E257A5DDA00A0D37B /* AppDelegate.swift */,
				CE213430257A5DDA00A0D37B /* SceneDelegate.swift */,
				CE213432257A5DDA00A0D37B /* RecordSoundsViewController.swift */,
				CE213434257A5DDA00A0D37B /* Main.storyboard */,
				CE213437257A5DDB00A0D37B /* Assets.xcassets */,
				CE213447257AA53200A0D37B /* playsoundsviewcontroller-audio.swift */,
				CE213439257A5DDB00A0D37B /* LaunchScreen.storyboard */,
				CE21343C257A5DDB00A0D37B /* Info.plist */,
				CE213444257A6EC400A0D37B /* PlaySoundsViewController.swift */,
			);
			path = "Pitch Changer";
			sourceTree = "<group>";
		};
/* End PBXGroup section */

/* Begin PBXNativeTarget section */
		CE21342A257A5DDA00A0D37B /* Pitch Changer */ = {
			isa = PBXNativeTarget;
			buildConfigurationList = CE21343F257A5DDB00A0D37B /* Build configuration list for PBXNativeTarget "Pitch Changer" */;
			buildPhases = (
				CE213427257A5DDA00A0D37B /* Sources */,
				CE213428257A5DDA00A0D37B /* Frameworks */,
				CE213429257A5DDA00A0D37B /* Resources */,
			);
			buildRules = (
			);
			dependencies = (
			);
			name = "Pitch Changer";
			productName = "Pitch Changer";
			productReference = CE21342B257A5DDA00A0D37B /* Pitch Changer.app */;
			productType = "com.apple.product-type.application";
		};
/* End PBXNativeTarget section */

/* Begin PBXProject section */
		CE213423257A5DDA00A0D37B /* Project object */ = {
			isa = PBXProject;
			attributes = {
				LastSwiftUpdateCheck = 1220;
				LastUpgradeCheck = 1220;
				TargetAttributes = {
					CE21342A257A5DDA00A0D37B = {
						CreatedOnToolsVersion = 12.2;
					};
				};
			};
			buildConfigurationList = CE213426257A5DDA00A0D37B /* Build configuration list for PBXProject "Pitch Changer" */;
			compatibilityVersion = "Xcode 9.3";
			developmentRegion = en;
			hasScannedForEncodings = 0;
			knownRegions = (
				en,
				Base,
			);
			mainGroup = CE213422257A5DDA00A0D37B;
			productRefGroup = CE21342C257A5DDA00A0D37B /* Products */;
			projectDirPath = "";
			projectRoot = "";
			targets = (
				CE21342A257A5DDA00A0D37B /* Pitch Changer */,
			);
		};
/* End PBXProject section */

/* Begin PBXResourcesBuildPhase section */
		CE213429257A5DDA00A0D37B /* Resources */ = {
			isa = PBXResourcesBuildPhase;
			buildActionMask = 2147483647;
			files = (
				CE21343B257A5DDB00A0D37B /* LaunchScreen.storyboard in Resources */,
				CE213438257A5DDB00A0D37B /* Assets.xcassets in Resources */,
				CE213436257A5DDA00A0D37B /* Main.storyboard in Resources */,
			);
			runOnlyForDeploymentPostprocessing = 0;
		};
/* End PBXResourcesBuildPhase section */

/* Begin PBXSourcesBuildPhase section */
		CE213427257A5DDA00A0D37B /* Sources */ = {
			isa = PBXSourcesBuildPhase;
			buildActionMask = 2147483647;
			files = (
				CE213433257A5DDA00A0D37B /* RecordSoundsViewController.swift in Sources */,
				CE213448257AA53200A0D37B /* playsoundsviewcontroller-audio.swift in Sources */,
				CE21342F257A5DDA00A0D37B /* AppDelegate.swift in Sources */,
				CE213445257A6EC400A0D37B /* PlaySoundsViewController.swift in Sources */,
				CE213431257A5DDA00A0D37B /* SceneDelegate.swift in Sources */,
			);
			runOnlyForDeploymentPostprocessing = 0;
		};
/* End PBXSourcesBuildPhase section */

/* Begin PBXVariantGroup section */
		CE213434257A5DDA00A0D37B /* Main.storyboard */ = {
			isa = PBXVariantGroup;
			children = (
				CE213435257A5DDA00A0D37B /* Base */,
			);
			name = Main.storyboard;
			sourceTree = "<group>";
		};
		CE213439257A5DDB00A0D37B /* LaunchScreen.storyboard */ = {
			isa = PBXVariantGroup;
			children = (
				CE21343A257A5DDB00A0D37B /* Base */,
			);
			name = LaunchScreen.storyboard;
			sourceTree = "<group>";
		};
/* End PBXVariantGroup section */

/* Begin XCBuildConfiguration section */
		CE21343D257A5DDB00A0D37B /* Debug */ = {
			isa = XCBuildConfiguration;
			buildSettings = {
				ALWAYS_SEARCH_USER_PATHS = NO;
				CLANG_ANALYZER_NONNULL = YES;
				CLANG_ANALYZER_NUMBER_OBJECT_CONVERSION = YES_AGGRESSIVE;
				CLANG_CXX_LANGUAGE_STANDARD = "gnu++14";
				CLANG_CXX_LIBRARY = "libc++";
				CLANG_ENABLE_MODULES = YES;
				CLANG_ENABLE_OBJC_ARC = YES;
				CLANG_ENABLE_OBJC_WEAK = YES;
				CLANG_WARN_BLOCK_CAPTURE_AUTORELEASING = YES;
				CLANG_WARN_BOOL_CONVERSION = YES;
				CLANG_WARN_COMMA = YES;
				CLANG_WARN_CONSTANT_CONVERSION = YES;
				CLANG_WARN_DEPRECATED_OBJC_IMPLEMENTATIONS = YES;
				CLANG_WARN_DIRECT_OBJC_ISA_USAGE = YES_ERROR;
				CLANG_WARN_DOCUMENTATION_COMMENTS = YES;
				CLANG_WARN_EMPTY_BODY = YES;
				CLANG_WARN_ENUM_CONVERSION = YES;
				CLANG_WARN_INFINITE_RECURSION = YES;
				CLANG_WARN_INT_CONVERSION = YES;
				CLANG_WARN_NON_LITERAL_NULL_CONVERSION = YES;
				CLANG_WARN_OBJC_IMPLICIT_RETAIN_SELF = YES;
				CLANG_WARN_OBJC_LITERAL_CONVERSION = YES;
				CLANG_WARN_OBJC_ROOT_CLASS = YES_ERROR;
				CLANG_WARN_QUOTED_INCLUDE_IN_FRAMEWORK_HEADER = YES;
				CLANG_WARN_RANGE_LOOP_ANALYSIS = YES;
				CLANG_WARN_STRICT_PROTOTYPES = YES;
				CLANG_WARN_SUSPICIOUS_MOVE = YES;
				CLANG_WARN_UNGUARDED_AVAILABILITY = YES_AGGRESSIVE;
				CLANG_WARN_UNREACHABLE_CODE = YES;
				CLANG_WARN__DUPLICATE_METHOD_MATCH = YES;
				COPY_PHASE_STRIP = NO;
				DEBUG_INFORMATION_FORMAT = dwarf;
				ENABLE_STRICT_OBJC_MSGSEND = YES;
				ENABLE_TESTABILITY = YES;
				GCC_C_LANGUAGE_STANDARD = gnu11;
				GCC_DYNAMIC_NO_PIC = NO;
				GCC_NO_COMMON_BLOCKS = YES;
				GCC_OPTIMIZATION_LEVEL = 0;
				GCC_PREPROCESSOR_DEFINITIONS = (
					"DEBUG=1",
					"$(inherited)",
				);
				GCC_WARN_64_TO_32_BIT_CONVERSION = YES;
				GCC_WARN_ABOUT_RETURN_TYPE = YES_ERROR;
				GCC_WARN_UNDECLARED_SELECTOR = YES;
				GCC_WARN_UNINITIALIZED_AUTOS = YES_AGGRESSIVE;
				GCC_WARN_UNUSED_FUNCTION = YES;
				GCC_WARN_UNUSED_VARIABLE = YES;
				IPHONEOS_DEPLOYMENT_TARGET = 14.2;
				MTL_ENABLE_DEBUG_INFO = INCLUDE_SOURCE;
				MTL_FAST_MATH = YES;
				ONLY_ACTIVE_ARCH = YES;
				SDKROOT = iphoneos;
				SWIFT_ACTIVE_COMPILATION_CONDITIONS = DEBUG;
				SWIFT_OPTIMIZATION_LEVEL = "-Onone";
			};
			name = Debug;
		};
		CE21343E257A5DDB00A0D37B /* Release */ = {
			isa = XCBuildConfiguration;
			buildSettings = {
				ALWAYS_SEARCH_USER_PATHS = NO;
				CLANG_ANALYZER_NONNULL = YES;
				CLANG_ANALYZER_NUMBER_OBJECT_CONVERSION = YES_AGGRESSIVE;
				CLANG_CXX_LANGUAGE_STANDARD = "gnu++14";
				CLANG_CXX_LIBRARY = "libc++";
				CLANG_ENABLE_MODULES = YES;
				CLANG_ENABLE_OBJC_ARC = YES;
				CLANG_ENABLE_OBJC_WEAK = YES;
				CLANG_WARN_BLOCK_CAPTURE_AUTORELEASING = YES;
				CLANG_WARN_BOOL_CONVERSION = YES;
				CLANG_WARN_COMMA = YES;
				CLANG_WARN_CONSTANT_CONVERSION = YES;
				CLANG_WARN_DEPRECATED_OBJC_IMPLEMENTATIONS = YES;
				CLANG_WARN_DIRECT_OBJC_ISA_USAGE = YES_ERROR;
				CLANG_WARN_DOCUMENTATION_COMMENTS = YES;
				CLANG_WARN_EMPTY_BODY = YES;
				CLANG_WARN_ENUM_CONVERSION = YES;
				CLANG_WARN_INFINITE_RECURSION = YES;
				CLANG_WARN_INT_CONVERSION = YES;
				CLANG_WARN_NON_LITERAL_NULL_CONVERSION = YES;
				CLANG_WARN_OBJC_IMPLICIT_RETAIN_SELF = YES;
				CLANG_WARN_OBJC_LITERAL_CONVERSION = YES;
				CLANG_WARN_OBJC_ROOT_CLASS = YES_ERROR;
				CLANG_WARN_QUOTED_INCLUDE_IN_FRAMEWORK_HEADER = YES;
				CLANG_WARN_RANGE_LOOP_ANALYSIS = YES;
				CLANG_WARN_STRICT_PROTOTYPES = YES;
				CLANG_WARN_SUSPICIOUS_MOVE = YES;
				CLANG_WARN_UNGUARDED_AVAILABILITY = YES_AGGRESSIVE;
				CLANG_WARN_UNREACHABLE_CODE = YES;
				CLANG_WARN__DUPLICATE_METHOD_MATCH = YES;
				COPY_PHASE_STRIP = NO;
				DEBUG_INFORMATION_FORMAT = "dwarf-with-dsym";
				ENABLE_NS_ASSERTIONS = NO;
				ENABLE_STRICT_OBJC_MSGSEND = YES;
				GCC_C_LANGUAGE_STANDARD = gnu11;
				GCC_NO_COMMON_BLOCKS = YES;
				GCC_WARN_64_TO_32_BIT_CONVERSION = YES;
				GCC_WARN_ABOUT_RETURN_TYPE = YES_ERROR;
				GCC_WARN_UNDECLARED_SELECTOR = YES;
				GCC_WARN_UNINITIALIZED_AUTOS = YES_AGGRESSIVE;
				GCC_WARN_UNUSED_FUNCTION = YES;
				GCC_WARN_UNUSED_VARIABLE = YES;
				IPHONEOS_DEPLOYMENT_TARGET = 14.2;
				MTL_ENABLE_DEBUG_INFO = NO;
				MTL_FAST_MATH = YES;
				SDKROOT = iphoneos;
				SWIFT_COMPILATION_MODE = wholemodule;
				SWIFT_OPTIMIZATION_LEVEL = "-O";
				VALIDATE_PRODUCT = YES;
			};
			name = Release;
		};
		CE213440257A5DDB00A0D37B /* Debug */ = {
			isa = XCBuildConfiguration;
			buildSettings = {
				ASSETCATALOG_COMPILER_APPICON_NAME = AppIcon;
				ASSETCATALOG_COMPILER_GLOBAL_ACCENT_COLOR_NAME = AccentColor;
				CODE_SIGN_STYLE = Automatic;
				INFOPLIST_FILE = "Pitch Changer/Info.plist";
				LD_RUNPATH_SEARCH_PATHS = (
					"$(inherited)",
					"@executable_path/Frameworks",
				);
				PRODUCT_BUNDLE_IDENTIFIER = "riyas.com.Pitch-Changer";
				PRODUCT_NAME = "$(TARGET_NAME)";
				SWIFT_VERSION = 5.0;
				TARGETED_DEVICE_FAMILY = "1,2";
			};
			name = Debug;
		};
		CE213441257A5DDB00A0D37B /* Release */ = {
			isa = XCBuildConfiguration;
			buildSettings = {
				ASSETCATALOG_COMPILER_APPICON_NAME = AppIcon;
				ASSETCATALOG_COMPILER_GLOBAL_ACCENT_COLOR_NAME = AccentColor;
				CODE_SIGN_STYLE = Automatic;
				INFOPLIST_FILE = "Pitch Changer/Info.plist";
				LD_RUNPATH_SEARCH_PATHS = (
					"$(inherited)",
					"@executable_path/Frameworks",
				);
				PRODUCT_BUNDLE_IDENTIFIER = "riyas.com.Pitch-Changer";
				PRODUCT_NAME = "$(TARGET_NAME)";
				SWIFT_VERSION = 5.0;
				TARGETED_DEVICE_FAMILY = "1,2";
			};
			name = Release;
		};
/* End XCBuildConfiguration section */

/* Begin XCConfigurationList section */
		CE213426257A5DDA00A0D37B /* Build configuration list for PBXProject "Pitch Changer" */ = {
			isa = XCConfigurationList;
			buildConfigurations = (
				CE21343D257A5DDB00A0D37B /* Debug */,
				CE21343E257A5DDB00A0D37B /* Release */,
			);
			defaultConfigurationIsVisible = 0;
			defaultConfigurationName = Release;
		};
		CE21343F257A5DDB00A0D37B /* Build configuration list for PBXNativeTarget "Pitch Changer" */ = {
			isa = XCConfigurationList;
			buildConfigurations = (
				CE213440257A5DDB00A0D37B /* Debug */,
				CE213441257A5DDB00A0D37B /* Release */,
			);
			defaultConfigurationIsVisible = 0;
			defaultConfigurationName = Release;
		};
/* End XCConfigurationList section */
	};
	rootObject = CE213423257A5DDA00A0D37B /* Project object */;
}
